
Microsoft Visual Studio Solution File, Format Version 12.00
# Visual Studio 15
VisualStudioVersion = 15.0.27703.2047
MinimumVisualStudioVersion = 10.0.40219.1
Project("{FAE04EC0-301F-11D3-BF4B-00C04F79EFBC}") = "Jannesen.Web.Core", "Jannesen.Web.Core\Jannesen.Web.Core.csproj", "{9432A117-772B-443A-A6BA-1EF1826354C0}"
EndProject
Project("{FAE04EC0-301F-11D3-BF4B-00C04F79EFBC}") = "Jannesen.Web.MSSql", "Jannesen.Web.MSSql\Jannesen.Web.MSSql.csproj", "{03E24EDA-52FE-4192-ADD8-337253903E59}"
EndProject
Project("{FAE04EC0-301F-11D3-BF4B-00C04F79EFBC}") = "Jannesen.Web.StaticFile", "Jannesen.Web.StaticFile\Jannesen.Web.StaticFile.csproj", "{146B50A3-60F6-49D1-8F6F-FA32AC178874}"
EndProject
Project("{FAE04EC0-301F-11D3-BF4B-00C04F79EFBC}") = "Jannesen.Web.ExcelExport", "Jannesen.Web.ExcelExport\Jannesen.Web.ExcelExport.csproj", "{500756C1-94C2-4B56-86EE-2EFBE59EA839}"
EndProject
Project("{2150E333-8FDC-42A3-9474-1A3956D46DE8}") = "Solution Items", "Solution Items", "{656A5459-2266-4BFA-B102-1019527EB972}"
	ProjectSection(SolutionItems) = preProject
		README.md = README.md
        LICENSE = LICENSE
	EndProjectSection
EndProject
Project("{FAE04EC0-301F-11D3-BF4B-00C04F79EFBC}") = "Jannesen.FileFormat.Json", "..\Jannesen.FileFormat.Json\Jannesen.FileFormat.Json.csproj", "{6C233F19-71D7-4A8A-97F6-C73790F37F8D}"
EndProject
Global
	GlobalSection(SolutionConfigurationPlatforms) = preSolution
		Debug|Any CPU = Debug|Any CPU
		Release|Any CPU = Release|Any CPU
	EndGlobalSection
	GlobalSection(ProjectConfigurationPlatforms) = postSolution
		{9432A117-772B-443A-A6BA-1EF1826354C0}.Debug|Any CPU.ActiveCfg = Debug|Any CPU
		{9432A117-772B-443A-A6BA-1EF1826354C0}.Debug|Any CPU.Build.0 = Debug|Any CPU
		{9432A117-772B-443A-A6BA-1EF1826354C0}.Release|Any CPU.ActiveCfg = Release|Any CPU
		{9432A117-772B-443A-A6BA-1EF1826354C0}.Release|Any CPU.Build.0 = Release|Any CPU
		{500756C1-94C2-4B56-86EE-2EFBE59EA839}.Debug|Any CPU.ActiveCfg = Debug|Any CPU
		{500756C1-94C2-4B56-86EE-2EFBE59EA839}.Debug|Any CPU.Build.0 = Debug|Any CPU
		{500756C1-94C2-4B56-86EE-2EFBE59EA839}.Release|Any CPU.ActiveCfg = Release|Any CPU
		{500756C1-94C2-4B56-86EE-2EFBE59EA839}.Release|Any CPU.Build.0 = Release|Any CPU
		{03E24EDA-52FE-4192-ADD8-337253903E59}.Debug|Any CPU.ActiveCfg = Debug|Any CPU
		{03E24EDA-52FE-4192-ADD8-337253903E59}.Debug|Any CPU.Build.0 = Debug|Any CPU
		{03E24EDA-52FE-4192-ADD8-337253903E59}.Release|Any CPU.ActiveCfg = Release|Any CPU
		{03E24EDA-52FE-4192-ADD8-337253903E59}.Release|Any CPU.Build.0 = Release|Any CPU
		{146B50A3-60F6-49D1-8F6F-FA32AC178874}.Debug|Any CPU.ActiveCfg = Debug|Any CPU
		{146B50A3-60F6-49D1-8F6F-FA32AC178874}.Debug|Any CPU.Build.0 = Debug|Any CPU
		{146B50A3-60F6-49D1-8F6F-FA32AC178874}.Release|Any CPU.ActiveCfg = Release|Any CPU
		{146B50A3-60F6-49D1-8F6F-FA32AC178874}.Release|Any CPU.Build.0 = Release|Any CPU
		{6C233F19-71D7-4A8A-97F6-C73790F37F8D}.Debug|Any CPU.ActiveCfg = Debug|Any CPU
		{6C233F19-71D7-4A8A-97F6-C73790F37F8D}.Debug|Any CPU.Build.0 = Debug|Any CPU
		{6C233F19-71D7-4A8A-97F6-C73790F37F8D}.Release|Any CPU.ActiveCfg = Release|Any CPU
		{6C233F19-71D7-4A8A-97F6-C73790F37F8D}.Release|Any CPU.Build.0 = Release|Any CPU
	EndGlobalSection
	GlobalSection(SolutionProperties) = preSolution
		HideSolutionNode = FALSE
	EndGlobalSection
	GlobalSection(ExtensibilityGlobals) = postSolution
		SolutionGuid = {0484E3FD-E317-427D-9EC9-E67FD6395328}
	EndGlobalSection
EndGlobal
